
Microsoft Visual Studio Solution File, Format Version 12.00
# Visual Studio 14
VisualStudioVersion = 14.0.25123.0
MinimumVisualStudioVersion = 10.0.40219.1
Project("{FAE04EC0-301F-11D3-BF4B-00C04F79EFBC}") = "MyFirstXamarinApp.Droid", "MyFirstXamarinApp\MyFirstXamarinApp.Droid\MyFirstXamarinApp.Droid.csproj", "{CBBA5D66-FD16-453F-A135-5A696D1E33AF}"
EndProject
Project("{FAE04EC0-301F-11D3-BF4B-00C04F79EFBC}") = "MyFirstXamarinApp.iOS", "MyFirstXamarinApp\MyFirstXamarinApp.iOS\MyFirstXamarinApp.iOS.csproj", "{64519B96-ADF9-4BD5-9BB4-60717BAAE585}"
EndProject
Project("{FAE04EC0-301F-11D3-BF4B-00C04F79EFBC}") = "MyFirstXamarinApp.WinPhone", "MyFirstXamarinApp\MyFirstXamarinApp.WinPhone\MyFirstXamarinApp.WinPhone.csproj", "{7EEFE6FD-6537-4C16-B393-8325F21A199E}"
EndProject
Project("{FAE04EC0-301F-11D3-BF4B-00C04F79EFBC}") = "MyFirstXamarinApp.UWP", "MyFirstXamarinApp\MyFirstXamarinApp.UWP\MyFirstXamarinApp.UWP.csproj", "{AE808FB0-580E-4087-A906-B1C091D9C2C1}"
EndProject
Project("{FAE04EC0-301F-11D3-BF4B-00C04F79EFBC}") = "MyFirstXamarinApp.Windows", "MyFirstXamarinApp\MyFirstXamarinApp.Windows\MyFirstXamarinApp.Windows.csproj", "{B2FEB098-AEA7-4BA5-B99D-EFCA5BE656E1}"
EndProject
Project("{FAE04EC0-301F-11D3-BF4B-00C04F79EFBC}") = "MyFirstXamarinApp", "MyFirstXamarinApp\MyFirstXamarinApp\MyFirstXamarinApp.csproj", "{017EC2AD-18A8-4C5B-A7E8-E73FA89F038C}"
EndProject
Global
	GlobalSection(SolutionConfigurationPlatforms) = preSolution
		Ad-Hoc|Any CPU = Ad-Hoc|Any CPU
		Ad-Hoc|ARM = Ad-Hoc|ARM
		Ad-Hoc|iPhone = Ad-Hoc|iPhone
		Ad-Hoc|iPhoneSimulator = Ad-Hoc|iPhoneSimulator
		Ad-Hoc|x64 = Ad-Hoc|x64
		Ad-Hoc|x86 = Ad-Hoc|x86
		AppStore|Any CPU = AppStore|Any CPU
		AppStore|ARM = AppStore|ARM
		AppStore|iPhone = AppStore|iPhone
		AppStore|iPhoneSimulator = AppStore|iPhoneSimulator
		AppStore|x64 = AppStore|x64
		AppStore|x86 = AppStore|x86
		Debug|Any CPU = Debug|Any CPU
		Debug|ARM = Debug|ARM
		Debug|iPhone = Debug|iPhone
		Debug|iPhoneSimulator = Debug|iPhoneSimulator
		Debug|x64 = Debug|x64
		Debug|x86 = Debug|x86
		Release|Any CPU = Release|Any CPU
		Release|ARM = Release|ARM
		Release|iPhone = Release|iPhone
		Release|iPhoneSimulator = Release|iPhoneSimulator
		Release|x64 = Release|x64
		Release|x86 = Release|x86
	EndGlobalSection
	GlobalSection(ProjectConfigurationPlatforms) = postSolution
		{CBBA5D66-FD16-453F-A135-5A696D1E33AF}.Ad-Hoc|Any CPU.ActiveCfg = Release|Any CPU
		{CBBA5D66-FD16-453F-A135-5A696D1E33AF}.Ad-Hoc|Any CPU.Build.0 = Release|Any CPU
		{CBBA5D66-FD16-453F-A135-5A696D1E33AF}.Ad-Hoc|Any CPU.Deploy.0 = Release|Any CPU
		{CBBA5D66-FD16-453F-A135-5A696D1E33AF}.Ad-Hoc|ARM.ActiveCfg = Release|Any CPU
		{CBBA5D66-FD16-453F-A135-5A696D1E33AF}.Ad-Hoc|ARM.Build.0 = Release|Any CPU
		{CBBA5D66-FD16-453F-A135-5A696D1E33AF}.Ad-Hoc|ARM.Deploy.0 = Release|Any CPU
		{CBBA5D66-FD16-453F-A135-5A696D1E33AF}.Ad-Hoc|iPhone.ActiveCfg = Release|Any CPU
		{CBBA5D66-FD16-453F-A135-5A696D1E33AF}.Ad-Hoc|iPhone.Build.0 = Release|Any CPU
		{CBBA5D66-FD16-453F-A135-5A696D1E33AF}.Ad-Hoc|iPhone.Deploy.0 = Release|Any CPU
		{CBBA5D66-FD16-453F-A135-5A696D1E33AF}.Ad-Hoc|iPhoneSimulator.ActiveCfg = Release|Any CPU
		{CBBA5D66-FD16-453F-A135-5A696D1E33AF}.Ad-Hoc|iPhoneSimulator.Build.0 = Release|Any CPU
		{CBBA5D66-FD16-453F-A135-5A696D1E33AF}.Ad-Hoc|iPhoneSimulator.Deploy.0 = Release|Any CPU
		{CBBA5D66-FD16-453F-A135-5A696D1E33AF}.Ad-Hoc|x64.ActiveCfg = Release|Any CPU
		{CBBA5D66-FD16-453F-A135-5A696D1E33AF}.Ad-Hoc|x64.Build.0 = Release|Any CPU
		{CBBA5D66-FD16-453F-A135-5A696D1E33AF}.Ad-Hoc|x64.Deploy.0 = Release|Any CPU
		{CBBA5D66-FD16-453F-A135-5A696D1E33AF}.Ad-Hoc|x86.ActiveCfg = Release|Any CPU
		{CBBA5D66-FD16-453F-A135-5A696D1E33AF}.Ad-Hoc|x86.Build.0 = Release|Any CPU
		{CBBA5D66-FD16-453F-A135-5A696D1E33AF}.Ad-Hoc|x86.Deploy.0 = Release|Any CPU
		{CBBA5D66-FD16-453F-A135-5A696D1E33AF}.AppStore|Any CPU.ActiveCfg = Release|Any CPU
		{CBBA5D66-FD16-453F-A135-5A696D1E33AF}.AppStore|Any CPU.Build.0 = Release|Any CPU
		{CBBA5D66-FD16-453F-A135-5A696D1E33AF}.AppStore|Any CPU.Deploy.0 = Release|Any CPU
		{CBBA5D66-FD16-453F-A135-5A696D1E33AF}.AppStore|ARM.ActiveCfg = Release|Any CPU
		{CBBA5D66-FD16-453F-A135-5A696D1E33AF}.AppStore|ARM.Build.0 = Release|Any CPU
		{CBBA5D66-FD16-453F-A135-5A696D1E33AF}.AppStore|ARM.Deploy.0 = Release|Any CPU
		{CBBA5D66-FD16-453F-A135-5A696D1E33AF}.AppStore|iPhone.ActiveCfg = Release|Any CPU
		{CBBA5D66-FD16-453F-A135-5A696D1E33AF}.AppStore|iPhone.Build.0 = Release|Any CPU
		{CBBA5D66-FD16-453F-A135-5A696D1E33AF}.AppStore|iPhone.Deploy.0 = Release|Any CPU
		{CBBA5D66-FD16-453F-A135-5A696D1E33AF}.AppStore|iPhoneSimulator.ActiveCfg = Release|Any CPU
		{CBBA5D66-FD16-453F-A135-5A696D1E33AF}.AppStore|iPhoneSimulator.Build.0 = Release|Any CPU
		{CBBA5D66-FD16-453F-A135-5A696D1E33AF}.AppStore|iPhoneSimulator.Deploy.0 = Release|Any CPU
		{CBBA5D66-FD16-453F-A135-5A696D1E33AF}.AppStore|x64.ActiveCfg = Release|Any CPU
		{CBBA5D66-FD16-453F-A135-5A696D1E33AF}.AppStore|x64.Build.0 = Release|Any CPU
		{CBBA5D66-FD16-453F-A135-5A696D1E33AF}.AppStore|x64.Deploy.0 = Release|Any CPU
		{CBBA5D66-FD16-453F-A135-5A696D1E33AF}.AppStore|x86.ActiveCfg = Release|Any CPU
		{CBBA5D66-FD16-453F-A135-5A696D1E33AF}.AppStore|x86.Build.0 = Release|Any CPU
		{CBBA5D66-FD16-453F-A135-5A696D1E33AF}.AppStore|x86.Deploy.0 = Release|Any CPU
		{CBBA5D66-FD16-453F-A135-5A696D1E33AF}.Debug|Any CPU.ActiveCfg = Debug|Any CPU
		{CBBA5D66-FD16-453F-A135-5A696D1E33AF}.Debug|Any CPU.Build.0 = Debug|Any CPU
		{CBBA5D66-FD16-453F-A135-5A696D1E33AF}.Debug|Any CPU.Deploy.0 = Debug|Any CPU
		{CBBA5D66-FD16-453F-A135-5A696D1E33AF}.Debug|ARM.ActiveCfg = Debug|Any CPU
		{CBBA5D66-FD16-453F-A135-5A696D1E33AF}.Debug|ARM.Build.0 = Debug|Any CPU
		{CBBA5D66-FD16-453F-A135-5A696D1E33AF}.Debug|ARM.Deploy.0 = Debug|Any CPU
		{CBBA5D66-FD16-453F-A135-5A696D1E33AF}.Debug|iPhone.ActiveCfg = Debug|Any CPU
		{CBBA5D66-FD16-453F-A135-5A696D1E33AF}.Debug|iPhone.Build.0 = Debug|Any CPU
		{CBBA5D66-FD16-453F-A135-5A696D1E33AF}.Debug|iPhone.Deploy.0 = Debug|Any CPU
		{CBBA5D66-FD16-453F-A135-5A696D1E33AF}.Debug|iPhoneSimulator.ActiveCfg = Debug|Any CPU
		{CBBA5D66-FD16-453F-A135-5A696D1E33AF}.Debug|iPhoneSimulator.Build.0 = Debug|Any CPU
		{CBBA5D66-FD16-453F-A135-5A696D1E33AF}.Debug|iPhoneSimulator.Deploy.0 = Debug|Any CPU
		{CBBA5D66-FD16-453F-A135-5A696D1E33AF}.Debug|x64.ActiveCfg = Debug|Any CPU
		{CBBA5D66-FD16-453F-A135-5A696D1E33AF}.Debug|x64.Build.0 = Debug|Any CPU
		{CBBA5D66-FD16-453F-A135-5A696D1E33AF}.Debug|x64.Deploy.0 = Debug|Any CPU
		{CBBA5D66-FD16-453F-A135-5A696D1E33AF}.Debug|x86.ActiveCfg = Debug|Any CPU
		{CBBA5D66-FD16-453F-A135-5A696D1E33AF}.Debug|x86.Build.0 = Debug|Any CPU
		{CBBA5D66-FD16-453F-A135-5A696D1E33AF}.Debug|x86.Deploy.0 = Debug|Any CPU
		{CBBA5D66-FD16-453F-A135-5A696D1E33AF}.Release|Any CPU.ActiveCfg = Release|Any CPU
		{CBBA5D66-FD16-453F-A135-5A696D1E33AF}.Release|Any CPU.Build.0 = Release|Any CPU
		{CBBA5D66-FD16-453F-A135-5A696D1E33AF}.Release|Any CPU.Deploy.0 = Release|Any CPU
		{CBBA5D66-FD16-453F-A135-5A696D1E33AF}.Release|ARM.ActiveCfg = Release|Any CPU
		{CBBA5D66-FD16-453F-A135-5A696D1E33AF}.Release|ARM.Build.0 = Release|Any CPU
		{CBBA5D66-FD16-453F-A135-5A696D1E33AF}.Release|ARM.Deploy.0 = Release|Any CPU
		{CBBA5D66-FD16-453F-A135-5A696D1E33AF}.Release|iPhone.ActiveCfg = Release|Any CPU
		{CBBA5D66-FD16-453F-A135-5A696D1E33AF}.Release|iPhone.Build.0 = Release|Any CPU
		{CBBA5D66-FD16-453F-A135-5A696D1E33AF}.Release|iPhone.Deploy.0 = Release|Any CPU
		{CBBA5D66-FD16-453F-A135-5A696D1E33AF}.Release|iPhoneSimulator.ActiveCfg = Release|Any CPU
		{CBBA5D66-FD16-453F-A135-5A696D1E33AF}.Release|iPhoneSimulator.Build.0 = Release|Any CPU
		{CBBA5D66-FD16-453F-A135-5A696D1E33AF}.Release|iPhoneSimulator.Deploy.0 = Release|Any CPU
		{CBBA5D66-FD16-453F-A135-5A696D1E33AF}.Release|x64.ActiveCfg = Release|Any CPU
		{CBBA5D66-FD16-453F-A135-5A696D1E33AF}.Release|x64.Build.0 = Release|Any CPU
		{CBBA5D66-FD16-453F-A135-5A696D1E33AF}.Release|x64.Deploy.0 = Release|Any CPU
		{CBBA5D66-FD16-453F-A135-5A696D1E33AF}.Release|x86.ActiveCfg = Release|Any CPU
		{CBBA5D66-FD16-453F-A135-5A696D1E33AF}.Release|x86.Build.0 = Release|Any CPU
		{CBBA5D66-FD16-453F-A135-5A696D1E33AF}.Release|x86.Deploy.0 = Release|Any CPU
		{64519B96-ADF9-4BD5-9BB4-60717BAAE585}.Ad-Hoc|Any CPU.ActiveCfg = Ad-Hoc|iPhone
		{64519B96-ADF9-4BD5-9BB4-60717BAAE585}.Ad-Hoc|ARM.ActiveCfg = Ad-Hoc|iPhone
		{64519B96-ADF9-4BD5-9BB4-60717BAAE585}.Ad-Hoc|iPhone.ActiveCfg = Ad-Hoc|iPhone
		{64519B96-ADF9-4BD5-9BB4-60717BAAE585}.Ad-Hoc|iPhone.Build.0 = Ad-Hoc|iPhone
		{64519B96-ADF9-4BD5-9BB4-60717BAAE585}.Ad-Hoc|iPhoneSimulator.ActiveCfg = Ad-Hoc|iPhoneSimulator
		{64519B96-ADF9-4BD5-9BB4-60717BAAE585}.Ad-Hoc|iPhoneSimulator.Build.0 = Ad-Hoc|iPhoneSimulator
		{64519B96-ADF9-4BD5-9BB4-60717BAAE585}.Ad-Hoc|x64.ActiveCfg = Ad-Hoc|iPhone
		{64519B96-ADF9-4BD5-9BB4-60717BAAE585}.Ad-Hoc|x86.ActiveCfg = Ad-Hoc|iPhone
		{64519B96-ADF9-4BD5-9BB4-60717BAAE585}.AppStore|Any CPU.ActiveCfg = AppStore|iPhone
		{64519B96-ADF9-4BD5-9BB4-60717BAAE585}.AppStore|ARM.ActiveCfg = AppStore|iPhone
		{64519B96-ADF9-4BD5-9BB4-60717BAAE585}.AppStore|iPhone.ActiveCfg = AppStore|iPhone
		{64519B96-ADF9-4BD5-9BB4-60717BAAE585}.AppStore|iPhone.Build.0 = AppStore|iPhone
		{64519B96-ADF9-4BD5-9BB4-60717BAAE585}.AppStore|iPhoneSimulator.ActiveCfg = AppStore|iPhoneSimulator
		{64519B96-ADF9-4BD5-9BB4-60717BAAE585}.AppStore|iPhoneSimulator.Build.0 = AppStore|iPhoneSimulator
		{64519B96-ADF9-4BD5-9BB4-60717BAAE585}.AppStore|x64.ActiveCfg = AppStore|iPhone
		{64519B96-ADF9-4BD5-9BB4-60717BAAE585}.AppStore|x86.ActiveCfg = AppStore|iPhone
		{64519B96-ADF9-4BD5-9BB4-60717BAAE585}.Debug|Any CPU.ActiveCfg = Debug|iPhone
		{64519B96-ADF9-4BD5-9BB4-60717BAAE585}.Debug|ARM.ActiveCfg = Debug|iPhone
		{64519B96-ADF9-4BD5-9BB4-60717BAAE585}.Debug|iPhone.ActiveCfg = Debug|iPhone
		{64519B96-ADF9-4BD5-9BB4-60717BAAE585}.Debug|iPhone.Build.0 = Debug|iPhone
		{64519B96-ADF9-4BD5-9BB4-60717BAAE585}.Debug|iPhoneSimulator.ActiveCfg = Debug|iPhoneSimulator
		{64519B96-ADF9-4BD5-9BB4-60717BAAE585}.Debug|iPhoneSimulator.Build.0 = Debug|iPhoneSimulator
		{64519B96-ADF9-4BD5-9BB4-60717BAAE585}.Debug|x64.ActiveCfg = Debug|iPhone
		{64519B96-ADF9-4BD5-9BB4-60717BAAE585}.Debug|x86.ActiveCfg = Debug|iPhone
		{64519B96-ADF9-4BD5-9BB4-60717BAAE585}.Release|Any CPU.ActiveCfg = Release|iPhone
		{64519B96-ADF9-4BD5-9BB4-60717BAAE585}.Release|ARM.ActiveCfg = Release|iPhone
		{64519B96-ADF9-4BD5-9BB4-60717BAAE585}.Release|iPhone.ActiveCfg = Release|iPhone
		{64519B96-ADF9-4BD5-9BB4-60717BAAE585}.Release|iPhone.Build.0 = Release|iPhone
		{64519B96-ADF9-4BD5-9BB4-60717BAAE585}.Release|iPhoneSimulator.ActiveCfg = Release|iPhoneSimulator
		{64519B96-ADF9-4BD5-9BB4-60717BAAE585}.Release|iPhoneSimulator.Build.0 = Release|iPhoneSimulator
		{64519B96-ADF9-4BD5-9BB4-60717BAAE585}.Release|x64.ActiveCfg = Release|iPhone
		{64519B96-ADF9-4BD5-9BB4-60717BAAE585}.Release|x86.ActiveCfg = Release|iPhone
		{7EEFE6FD-6537-4C16-B393-8325F21A199E}.Ad-Hoc|Any CPU.ActiveCfg = Release|Any CPU
		{7EEFE6FD-6537-4C16-B393-8325F21A199E}.Ad-Hoc|Any CPU.Build.0 = Release|Any CPU
		{7EEFE6FD-6537-4C16-B393-8325F21A199E}.Ad-Hoc|Any CPU.Deploy.0 = Release|Any CPU
		{7EEFE6FD-6537-4C16-B393-8325F21A199E}.Ad-Hoc|ARM.ActiveCfg = Release|ARM
		{7EEFE6FD-6537-4C16-B393-8325F21A199E}.Ad-Hoc|ARM.Build.0 = Release|ARM
		{7EEFE6FD-6537-4C16-B393-8325F21A199E}.Ad-Hoc|ARM.Deploy.0 = Release|ARM
		{7EEFE6FD-6537-4C16-B393-8325F21A199E}.Ad-Hoc|iPhone.ActiveCfg = Release|Any CPU
		{7EEFE6FD-6537-4C16-B393-8325F21A199E}.Ad-Hoc|iPhone.Build.0 = Release|Any CPU
		{7EEFE6FD-6537-4C16-B393-8325F21A199E}.Ad-Hoc|iPhone.Deploy.0 = Release|Any CPU
		{7EEFE6FD-6537-4C16-B393-8325F21A199E}.Ad-Hoc|iPhoneSimulator.ActiveCfg = Release|Any CPU
		{7EEFE6FD-6537-4C16-B393-8325F21A199E}.Ad-Hoc|iPhoneSimulator.Build.0 = Release|Any CPU
		{7EEFE6FD-6537-4C16-B393-8325F21A199E}.Ad-Hoc|iPhoneSimulator.Deploy.0 = Release|Any CPU
		{7EEFE6FD-6537-4C16-B393-8325F21A199E}.Ad-Hoc|x64.ActiveCfg = Release|Any CPU
		{7EEFE6FD-6537-4C16-B393-8325F21A199E}.Ad-Hoc|x64.Build.0 = Release|Any CPU
		{7EEFE6FD-6537-4C16-B393-8325F21A199E}.Ad-Hoc|x64.Deploy.0 = Release|Any CPU
		{7EEFE6FD-6537-4C16-B393-8325F21A199E}.Ad-Hoc|x86.ActiveCfg = Release|x86
		{7EEFE6FD-6537-4C16-B393-8325F21A199E}.Ad-Hoc|x86.Build.0 = Release|x86
		{7EEFE6FD-6537-4C16-B393-8325F21A199E}.Ad-Hoc|x86.Deploy.0 = Release|x86
		{7EEFE6FD-6537-4C16-B393-8325F21A199E}.AppStore|Any CPU.ActiveCfg = Release|Any CPU
		{7EEFE6FD-6537-4C16-B393-8325F21A199E}.AppStore|Any CPU.Build.0 = Release|Any CPU
		{7EEFE6FD-6537-4C16-B393-8325F21A199E}.AppStore|Any CPU.Deploy.0 = Release|Any CPU
		{7EEFE6FD-6537-4C16-B393-8325F21A199E}.AppStore|ARM.ActiveCfg = Release|ARM
		{7EEFE6FD-6537-4C16-B393-8325F21A199E}.AppStore|ARM.Build.0 = Release|ARM
		{7EEFE6FD-6537-4C16-B393-8325F21A199E}.AppStore|ARM.Deploy.0 = Release|ARM
		{7EEFE6FD-6537-4C16-B393-8325F21A199E}.AppStore|iPhone.ActiveCfg = Release|Any CPU
		{7EEFE6FD-6537-4C16-B393-8325F21A199E}.AppStore|iPhone.Build.0 = Release|Any CPU
		{7EEFE6FD-6537-4C16-B393-8325F21A199E}.AppStore|iPhone.Deploy.0 = Release|Any CPU
		{7EEFE6FD-6537-4C16-B393-8325F21A199E}.AppStore|iPhoneSimulator.ActiveCfg = Release|Any CPU
		{7EEFE6FD-6537-4C16-B393-8325F21A199E}.AppStore|iPhoneSimulator.Build.0 = Release|Any CPU
		{7EEFE6FD-6537-4C16-B393-8325F21A199E}.AppStore|iPhoneSimulator.Deploy.0 = Release|Any CPU
		{7EEFE6FD-6537-4C16-B393-8325F21A199E}.AppStore|x64.ActiveCfg = Release|Any CPU
		{7EEFE6FD-6537-4C16-B393-8325F21A199E}.AppStore|x64.Build.0 = Release|Any CPU
		{7EEFE6FD-6537-4C16-B393-8325F21A199E}.AppStore|x64.Deploy.0 = Release|Any CPU
		{7EEFE6FD-6537-4C16-B393-8325F21A199E}.AppStore|x86.ActiveCfg = Release|x86
		{7EEFE6FD-6537-4C16-B393-8325F21A199E}.AppStore|x86.Build.0 = Release|x86
		{7EEFE6FD-6537-4C16-B393-8325F21A199E}.AppStore|x86.Deploy.0 = Release|x86
		{7EEFE6FD-6537-4C16-B393-8325F21A199E}.Debug|Any CPU.ActiveCfg = Debug|Any CPU
		{7EEFE6FD-6537-4C16-B393-8325F21A199E}.Debug|ARM.ActiveCfg = Debug|ARM
		{7EEFE6FD-6537-4C16-B393-8325F21A199E}.Debug|ARM.Build.0 = Debug|ARM
		{7EEFE6FD-6537-4C16-B393-8325F21A199E}.Debug|ARM.Deploy.0 = Debug|ARM
		{7EEFE6FD-6537-4C16-B393-8325F21A199E}.Debug|iPhone.ActiveCfg = Debug|Any CPU
		{7EEFE6FD-6537-4C16-B393-8325F21A199E}.Debug|iPhone.Build.0 = Debug|Any CPU
		{7EEFE6FD-6537-4C16-B393-8325F21A199E}.Debug|iPhone.Deploy.0 = Debug|Any CPU
		{7EEFE6FD-6537-4C16-B393-8325F21A199E}.Debug|iPhoneSimulator.ActiveCfg = Debug|Any CPU
		{7EEFE6FD-6537-4C16-B393-8325F21A199E}.Debug|iPhoneSimulator.Build.0 = Debug|Any CPU
		{7EEFE6FD-6537-4C16-B393-8325F21A199E}.Debug|iPhoneSimulator.Deploy.0 = Debug|Any CPU
		{7EEFE6FD-6537-4C16-B393-8325F21A199E}.Debug|x64.ActiveCfg = Debug|Any CPU
		{7EEFE6FD-6537-4C16-B393-8325F21A199E}.Debug|x64.Build.0 = Debug|Any CPU
		{7EEFE6FD-6537-4C16-B393-8325F21A199E}.Debug|x64.Deploy.0 = Debug|Any CPU
		{7EEFE6FD-6537-4C16-B393-8325F21A199E}.Debug|x86.ActiveCfg = Debug|x86
		{7EEFE6FD-6537-4C16-B393-8325F21A199E}.Debug|x86.Build.0 = Debug|x86
		{7EEFE6FD-6537-4C16-B393-8325F21A199E}.Debug|x86.Deploy.0 = Debug|x86
		{7EEFE6FD-6537-4C16-B393-8325F21A199E}.Release|Any CPU.ActiveCfg = Release|Any CPU
		{7EEFE6FD-6537-4C16-B393-8325F21A199E}.Release|Any CPU.Build.0 = Release|Any CPU
		{7EEFE6FD-6537-4C16-B393-8325F21A199E}.Release|Any CPU.Deploy.0 = Release|Any CPU
		{7EEFE6FD-6537-4C16-B393-8325F21A199E}.Release|ARM.ActiveCfg = Release|ARM
		{7EEFE6FD-6537-4C16-B393-8325F21A199E}.Release|ARM.Build.0 = Release|ARM
		{7EEFE6FD-6537-4C16-B393-8325F21A199E}.Release|ARM.Deploy.0 = Release|ARM
		{7EEFE6FD-6537-4C16-B393-8325F21A199E}.Release|iPhone.ActiveCfg = Release|Any CPU
		{7EEFE6FD-6537-4C16-B393-8325F21A199E}.Release|iPhone.Build.0 = Release|Any CPU
		{7EEFE6FD-6537-4C16-B393-8325F21A199E}.Release|iPhone.Deploy.0 = Release|Any CPU
		{7EEFE6FD-6537-4C16-B393-8325F21A199E}.Release|iPhoneSimulator.ActiveCfg = Release|Any CPU
		{7EEFE6FD-6537-4C16-B393-8325F21A199E}.Release|iPhoneSimulator.Build.0 = Release|Any CPU
		{7EEFE6FD-6537-4C16-B393-8325F21A199E}.Release|iPhoneSimulator.Deploy.0 = Release|Any CPU
		{7EEFE6FD-6537-4C16-B393-8325F21A199E}.Release|x64.ActiveCfg = Release|Any CPU
		{7EEFE6FD-6537-4C16-B393-8325F21A199E}.Release|x64.Build.0 = Release|Any CPU
		{7EEFE6FD-6537-4C16-B393-8325F21A199E}.Release|x64.Deploy.0 = Release|Any CPU
		{7EEFE6FD-6537-4C16-B393-8325F21A199E}.Release|x86.ActiveCfg = Release|x86
		{7EEFE6FD-6537-4C16-B393-8325F21A199E}.Release|x86.Build.0 = Release|x86
		{7EEFE6FD-6537-4C16-B393-8325F21A199E}.Release|x86.Deploy.0 = Release|x86
		{AE808FB0-580E-4087-A906-B1C091D9C2C1}.Ad-Hoc|Any CPU.ActiveCfg = Release|x86
		{AE808FB0-580E-4087-A906-B1C091D9C2C1}.Ad-Hoc|Any CPU.Build.0 = Release|x86
		{AE808FB0-580E-4087-A906-B1C091D9C2C1}.Ad-Hoc|Any CPU.Deploy.0 = Release|x86
		{AE808FB0-580E-4087-A906-B1C091D9C2C1}.Ad-Hoc|ARM.ActiveCfg = Release|ARM
		{AE808FB0-580E-4087-A906-B1C091D9C2C1}.Ad-Hoc|ARM.Build.0 = Release|ARM
		{AE808FB0-580E-4087-A906-B1C091D9C2C1}.Ad-Hoc|ARM.Deploy.0 = Release|ARM
		{AE808FB0-580E-4087-A906-B1C091D9C2C1}.Ad-Hoc|iPhone.ActiveCfg = Release|x86
		{AE808FB0-580E-4087-A906-B1C091D9C2C1}.Ad-Hoc|iPhone.Build.0 = Release|x86
		{AE808FB0-580E-4087-A906-B1C091D9C2C1}.Ad-Hoc|iPhone.Deploy.0 = Release|x86
		{AE808FB0-580E-4087-A906-B1C091D9C2C1}.Ad-Hoc|iPhoneSimulator.ActiveCfg = Release|x86
		{AE808FB0-580E-4087-A906-B1C091D9C2C1}.Ad-Hoc|iPhoneSimulator.Build.0 = Release|x86
		{AE808FB0-580E-4087-A906-B1C091D9C2C1}.Ad-Hoc|iPhoneSimulator.Deploy.0 = Release|x86
		{AE808FB0-580E-4087-A906-B1C091D9C2C1}.Ad-Hoc|x64.ActiveCfg = Release|x64
		{AE808FB0-580E-4087-A906-B1C091D9C2C1}.Ad-Hoc|x64.Build.0 = Release|x64
		{AE808FB0-580E-4087-A906-B1C091D9C2C1}.Ad-Hoc|x64.Deploy.0 = Release|x64
		{AE808FB0-580E-4087-A906-B1C091D9C2C1}.Ad-Hoc|x86.ActiveCfg = Release|x86
		{AE808FB0-580E-4087-A906-B1C091D9C2C1}.Ad-Hoc|x86.Build.0 = Release|x86
		{AE808FB0-580E-4087-A906-B1C091D9C2C1}.Ad-Hoc|x86.Deploy.0 = Release|x86
		{AE808FB0-580E-4087-A906-B1C091D9C2C1}.AppStore|Any CPU.ActiveCfg = Release|x86
		{AE808FB0-580E-4087-A906-B1C091D9C2C1}.AppStore|Any CPU.Build.0 = Release|x86
		{AE808FB0-580E-4087-A906-B1C091D9C2C1}.AppStore|Any CPU.Deploy.0 = Release|x86
		{AE808FB0-580E-4087-A906-B1C091D9C2C1}.AppStore|ARM.ActiveCfg = Release|ARM
		{AE808FB0-580E-4087-A906-B1C091D9C2C1}.AppStore|ARM.Build.0 = Release|ARM
		{AE808FB0-580E-4087-A906-B1C091D9C2C1}.AppStore|ARM.Deploy.0 = Release|ARM
		{AE808FB0-580E-4087-A906-B1C091D9C2C1}.AppStore|iPhone.ActiveCfg = Release|x86
		{AE808FB0-580E-4087-A906-B1C091D9C2C1}.AppStore|iPhone.Build.0 = Release|x86
		{AE808FB0-580E-4087-A906-B1C091D9C2C1}.AppStore|iPhone.Deploy.0 = Release|x86
		{AE808FB0-580E-4087-A906-B1C091D9C2C1}.AppStore|iPhoneSimulator.ActiveCfg = Release|x86
		{AE808FB0-580E-4087-A906-B1C091D9C2C1}.AppStore|iPhoneSimulator.Build.0 = Release|x86
		{AE808FB0-580E-4087-A906-B1C091D9C2C1}.AppStore|iPhoneSimulator.Deploy.0 = Release|x86
		{AE808FB0-580E-4087-A906-B1C091D9C2C1}.AppStore|x64.ActiveCfg = Release|x64
		{AE808FB0-580E-4087-A906-B1C091D9C2C1}.AppStore|x64.Build.0 = Release|x64
		{AE808FB0-580E-4087-A906-B1C091D9C2C1}.AppStore|x64.Deploy.0 = Release|x64
		{AE808FB0-580E-4087-A906-B1C091D9C2C1}.AppStore|x86.ActiveCfg = Release|x86
		{AE808FB0-580E-4087-A906-B1C091D9C2C1}.AppStore|x86.Build.0 = Release|x86
		{AE808FB0-580E-4087-A906-B1C091D9C2C1}.AppStore|x86.Deploy.0 = Release|x86
		{AE808FB0-580E-4087-A906-B1C091D9C2C1}.Debug|Any CPU.ActiveCfg = Debug|x86
		{AE808FB0-580E-4087-A906-B1C091D9C2C1}.Debug|ARM.ActiveCfg = Debug|ARM
		{AE808FB0-580E-4087-A906-B1C091D9C2C1}.Debug|ARM.Build.0 = Debug|ARM
		{AE808FB0-580E-4087-A906-B1C091D9C2C1}.Debug|ARM.Deploy.0 = Debug|ARM
		{AE808FB0-580E-4087-A906-B1C091D9C2C1}.Debug|iPhone.ActiveCfg = Debug|x86
		{AE808FB0-580E-4087-A906-B1C091D9C2C1}.Debug|iPhoneSimulator.ActiveCfg = Debug|x86
		{AE808FB0-580E-4087-A906-B1C091D9C2C1}.Debug|x64.ActiveCfg = Debug|x64
		{AE808FB0-580E-4087-A906-B1C091D9C2C1}.Debug|x64.Build.0 = Debug|x64
		{AE808FB0-580E-4087-A906-B1C091D9C2C1}.Debug|x64.Deploy.0 = Debug|x64
		{AE808FB0-580E-4087-A906-B1C091D9C2C1}.Debug|x86.ActiveCfg = Debug|x86
		{AE808FB0-580E-4087-A906-B1C091D9C2C1}.Debug|x86.Build.0 = Debug|x86
		{AE808FB0-580E-4087-A906-B1C091D9C2C1}.Debug|x86.Deploy.0 = Debug|x86
		{AE808FB0-580E-4087-A906-B1C091D9C2C1}.Release|Any CPU.ActiveCfg = Release|x86
		{AE808FB0-580E-4087-A906-B1C091D9C2C1}.Release|ARM.ActiveCfg = Release|ARM
		{AE808FB0-580E-4087-A906-B1C091D9C2C1}.Release|ARM.Build.0 = Release|ARM
		{AE808FB0-580E-4087-A906-B1C091D9C2C1}.Release|ARM.Deploy.0 = Release|ARM
		{AE808FB0-580E-4087-A906-B1C091D9C2C1}.Release|iPhone.ActiveCfg = Release|x86
		{AE808FB0-580E-4087-A906-B1C091D9C2C1}.Release|iPhoneSimulator.ActiveCfg = Release|x86
		{AE808FB0-580E-4087-A906-B1C091D9C2C1}.Release|x64.ActiveCfg = Release|x64
		{AE808FB0-580E-4087-A906-B1C091D9C2C1}.Release|x64.Build.0 = Release|x64
		{AE808FB0-580E-4087-A906-B1C091D9C2C1}.Release|x64.Deploy.0 = Release|x64
		{AE808FB0-580E-4087-A906-B1C091D9C2C1}.Release|x86.ActiveCfg = Release|x86
		{AE808FB0-580E-4087-A906-B1C091D9C2C1}.Release|x86.Build.0 = Release|x86
		{AE808FB0-580E-4087-A906-B1C091D9C2C1}.Release|x86.Deploy.0 = Release|x86
		{B2FEB098-AEA7-4BA5-B99D-EFCA5BE656E1}.Ad-Hoc|Any CPU.ActiveCfg = Release|Any CPU
		{B2FEB098-AEA7-4BA5-B99D-EFCA5BE656E1}.Ad-Hoc|Any CPU.Build.0 = Release|Any CPU
		{B2FEB098-AEA7-4BA5-B99D-EFCA5BE656E1}.Ad-Hoc|Any CPU.Deploy.0 = Release|Any CPU
		{B2FEB098-AEA7-4BA5-B99D-EFCA5BE656E1}.Ad-Hoc|ARM.ActiveCfg = Release|ARM
		{B2FEB098-AEA7-4BA5-B99D-EFCA5BE656E1}.Ad-Hoc|ARM.Build.0 = Release|ARM
		{B2FEB098-AEA7-4BA5-B99D-EFCA5BE656E1}.Ad-Hoc|ARM.Deploy.0 = Release|ARM
		{B2FEB098-AEA7-4BA5-B99D-EFCA5BE656E1}.Ad-Hoc|iPhone.ActiveCfg = Release|Any CPU
		{B2FEB098-AEA7-4BA5-B99D-EFCA5BE656E1}.Ad-Hoc|iPhone.Build.0 = Release|Any CPU
		{B2FEB098-AEA7-4BA5-B99D-EFCA5BE656E1}.Ad-Hoc|iPhone.Deploy.0 = Release|Any CPU
		{B2FEB098-AEA7-4BA5-B99D-EFCA5BE656E1}.Ad-Hoc|iPhoneSimulator.ActiveCfg = Release|Any CPU
		{B2FEB098-AEA7-4BA5-B99D-EFCA5BE656E1}.Ad-Hoc|iPhoneSimulator.Build.0 = Release|Any CPU
		{B2FEB098-AEA7-4BA5-B99D-EFCA5BE656E1}.Ad-Hoc|iPhoneSimulator.Deploy.0 = Release|Any CPU
		{B2FEB098-AEA7-4BA5-B99D-EFCA5BE656E1}.Ad-Hoc|x64.ActiveCfg = Release|x64
		{B2FEB098-AEA7-4BA5-B99D-EFCA5BE656E1}.Ad-Hoc|x64.Build.0 = Release|x64
		{B2FEB098-AEA7-4BA5-B99D-EFCA5BE656E1}.Ad-Hoc|x64.Deploy.0 = Release|x64
		{B2FEB098-AEA7-4BA5-B99D-EFCA5BE656E1}.Ad-Hoc|x86.ActiveCfg = Release|x86
		{B2FEB098-AEA7-4BA5-B99D-EFCA5BE656E1}.Ad-Hoc|x86.Build.0 = Release|x86
		{B2FEB098-AEA7-4BA5-B99D-EFCA5BE656E1}.Ad-Hoc|x86.Deploy.0 = Release|x86
		{B2FEB098-AEA7-4BA5-B99D-EFCA5BE656E1}.AppStore|Any CPU.ActiveCfg = Release|Any CPU
		{B2FEB098-AEA7-4BA5-B99D-EFCA5BE656E1}.AppStore|Any CPU.Build.0 = Release|Any CPU
		{B2FEB098-AEA7-4BA5-B99D-EFCA5BE656E1}.AppStore|Any CPU.Deploy.0 = Release|Any CPU
		{B2FEB098-AEA7-4BA5-B99D-EFCA5BE656E1}.AppStore|ARM.ActiveCfg = Release|ARM
		{B2FEB098-AEA7-4BA5-B99D-EFCA5BE656E1}.AppStore|ARM.Build.0 = Release|ARM
		{B2FEB098-AEA7-4BA5-B99D-EFCA5BE656E1}.AppStore|ARM.Deploy.0 = Release|ARM
		{B2FEB098-AEA7-4BA5-B99D-EFCA5BE656E1}.AppStore|iPhone.ActiveCfg = Release|Any CPU
		{B2FEB098-AEA7-4BA5-B99D-EFCA5BE656E1}.AppStore|iPhone.Build.0 = Release|Any CPU
		{B2FEB098-AEA7-4BA5-B99D-EFCA5BE656E1}.AppStore|iPhone.Deploy.0 = Release|Any CPU
		{B2FEB098-AEA7-4BA5-B99D-EFCA5BE656E1}.AppStore|iPhoneSimulator.ActiveCfg = Release|Any CPU
		{B2FEB098-AEA7-4BA5-B99D-EFCA5BE656E1}.AppStore|iPhoneSimulator.Build.0 = Release|Any CPU
		{B2FEB098-AEA7-4BA5-B99D-EFCA5BE656E1}.AppStore|iPhoneSimulator.Deploy.0 = Release|Any CPU
		{B2FEB098-AEA7-4BA5-B99D-EFCA5BE656E1}.AppStore|x64.ActiveCfg = Release|x64
		{B2FEB098-AEA7-4BA5-B99D-EFCA5BE656E1}.AppStore|x64.Build.0 = Release|x64
		{B2FEB098-AEA7-4BA5-B99D-EFCA5BE656E1}.AppStore|x64.Deploy.0 = Release|x64
		{B2FEB098-AEA7-4BA5-B99D-EFCA5BE656E1}.AppStore|x86.ActiveCfg = Release|x86
		{B2FEB098-AEA7-4BA5-B99D-EFCA5BE656E1}.AppStore|x86.Build.0 = Release|x86
		{B2FEB098-AEA7-4BA5-B99D-EFCA5BE656E1}.AppStore|x86.Deploy.0 = Release|x86
		{B2FEB098-AEA7-4BA5-B99D-EFCA5BE656E1}.Debug|Any CPU.ActiveCfg = Debug|Any CPU
		{B2FEB098-AEA7-4BA5-B99D-EFCA5BE656E1}.Debug|ARM.ActiveCfg = Debug|ARM
		{B2FEB098-AEA7-4BA5-B99D-EFCA5BE656E1}.Debug|ARM.Build.0 = Debug|ARM
		{B2FEB098-AEA7-4BA5-B99D-EFCA5BE656E1}.Debug|ARM.Deploy.0 = Debug|ARM
		{B2FEB098-AEA7-4BA5-B99D-EFCA5BE656E1}.Debug|iPhone.ActiveCfg = Debug|Any CPU
		{B2FEB098-AEA7-4BA5-B99D-EFCA5BE656E1}.Debug|iPhone.Build.0 = Debug|Any CPU
		{B2FEB098-AEA7-4BA5-B99D-EFCA5BE656E1}.Debug|iPhone.Deploy.0 = Debug|Any CPU
		{B2FEB098-AEA7-4BA5-B99D-EFCA5BE656E1}.Debug|iPhoneSimulator.ActiveCfg = Debug|Any CPU
		{B2FEB098-AEA7-4BA5-B99D-EFCA5BE656E1}.Debug|iPhoneSimulator.Build.0 = Debug|Any CPU
		{B2FEB098-AEA7-4BA5-B99D-EFCA5BE656E1}.Debug|iPhoneSimulator.Deploy.0 = Debug|Any CPU
		{B2FEB098-AEA7-4BA5-B99D-EFCA5BE656E1}.Debug|x64.ActiveCfg = Debug|x64
		{B2FEB098-AEA7-4BA5-B99D-EFCA5BE656E1}.Debug|x64.Build.0 = Debug|x64
		{B2FEB098-AEA7-4BA5-B99D-EFCA5BE656E1}.Debug|x64.Deploy.0 = Debug|x64
		{B2FEB098-AEA7-4BA5-B99D-EFCA5BE656E1}.Debug|x86.ActiveCfg = Debug|x86
		{B2FEB098-AEA7-4BA5-B99D-EFCA5BE656E1}.Debug|x86.Build.0 = Debug|x86
		{B2FEB098-AEA7-4BA5-B99D-EFCA5BE656E1}.Debug|x86.Deploy.0 = Debug|x86
		{B2FEB098-AEA7-4BA5-B99D-EFCA5BE656E1}.Release|Any CPU.ActiveCfg = Release|Any CPU
		{B2FEB098-AEA7-4BA5-B99D-EFCA5BE656E1}.Release|Any CPU.Build.0 = Release|Any CPU
		{B2FEB098-AEA7-4BA5-B99D-EFCA5BE656E1}.Release|Any CPU.Deploy.0 = Release|Any CPU
		{B2FEB098-AEA7-4BA5-B99D-EFCA5BE656E1}.Release|ARM.ActiveCfg = Release|ARM
		{B2FEB098-AEA7-4BA5-B99D-EFCA5BE656E1}.Release|ARM.Build.0 = Release|ARM
		{B2FEB098-AEA7-4BA5-B99D-EFCA5BE656E1}.Release|ARM.Deploy.0 = Release|ARM
		{B2FEB098-AEA7-4BA5-B99D-EFCA5BE656E1}.Release|iPhone.ActiveCfg = Release|Any CPU
		{B2FEB098-AEA7-4BA5-B99D-EFCA5BE656E1}.Release|iPhone.Build.0 = Release|Any CPU
		{B2FEB098-AEA7-4BA5-B99D-EFCA5BE656E1}.Release|iPhone.Deploy.0 = Release|Any CPU
		{B2FEB098-AEA7-4BA5-B99D-EFCA5BE656E1}.Release|iPhoneSimulator.ActiveCfg = Release|Any CPU
		{B2FEB098-AEA7-4BA5-B99D-EFCA5BE656E1}.Release|iPhoneSimulator.Build.0 = Release|Any CPU
		{B2FEB098-AEA7-4BA5-B99D-EFCA5BE656E1}.Release|iPhoneSimulator.Deploy.0 = Release|Any CPU
		{B2FEB098-AEA7-4BA5-B99D-EFCA5BE656E1}.Release|x64.ActiveCfg = Release|x64
		{B2FEB098-AEA7-4BA5-B99D-EFCA5BE656E1}.Release|x64.Build.0 = Release|x64
		{B2FEB098-AEA7-4BA5-B99D-EFCA5BE656E1}.Release|x64.Deploy.0 = Release|x64
		{B2FEB098-AEA7-4BA5-B99D-EFCA5BE656E1}.Release|x86.ActiveCfg = Release|x86
		{B2FEB098-AEA7-4BA5-B99D-EFCA5BE656E1}.Release|x86.Build.0 = Release|x86
		{B2FEB098-AEA7-4BA5-B99D-EFCA5BE656E1}.Release|x86.Deploy.0 = Release|x86
		{017EC2AD-18A8-4C5B-A7E8-E73FA89F038C}.Ad-Hoc|Any CPU.ActiveCfg = Release|Any CPU
		{017EC2AD-18A8-4C5B-A7E8-E73FA89F038C}.Ad-Hoc|Any CPU.Build.0 = Release|Any CPU
		{017EC2AD-18A8-4C5B-A7E8-E73FA89F038C}.Ad-Hoc|ARM.ActiveCfg = Release|Any CPU
		{017EC2AD-18A8-4C5B-A7E8-E73FA89F038C}.Ad-Hoc|ARM.Build.0 = Release|Any CPU
		{017EC2AD-18A8-4C5B-A7E8-E73FA89F038C}.Ad-Hoc|iPhone.ActiveCfg = Release|Any CPU
		{017EC2AD-18A8-4C5B-A7E8-E73FA89F038C}.Ad-Hoc|iPhone.Build.0 = Release|Any CPU
		{017EC2AD-18A8-4C5B-A7E8-E73FA89F038C}.Ad-Hoc|iPhoneSimulator.ActiveCfg = Release|Any CPU
		{017EC2AD-18A8-4C5B-A7E8-E73FA89F038C}.Ad-Hoc|iPhoneSimulator.Build.0 = Release|Any CPU
		{017EC2AD-18A8-4C5B-A7E8-E73FA89F038C}.Ad-Hoc|x64.ActiveCfg = Release|Any CPU
		{017EC2AD-18A8-4C5B-A7E8-E73FA89F038C}.Ad-Hoc|x64.Build.0 = Release|Any CPU
		{017EC2AD-18A8-4C5B-A7E8-E73FA89F038C}.Ad-Hoc|x86.ActiveCfg = Release|Any CPU
		{017EC2AD-18A8-4C5B-A7E8-E73FA89F038C}.Ad-Hoc|x86.Build.0 = Release|Any CPU
		{017EC2AD-18A8-4C5B-A7E8-E73FA89F038C}.AppStore|Any CPU.ActiveCfg = Release|Any CPU
		{017EC2AD-18A8-4C5B-A7E8-E73FA89F038C}.AppStore|Any CPU.Build.0 = Release|Any CPU
		{017EC2AD-18A8-4C5B-A7E8-E73FA89F038C}.AppStore|ARM.ActiveCfg = Release|Any CPU
		{017EC2AD-18A8-4C5B-A7E8-E73FA89F038C}.AppStore|ARM.Build.0 = Release|Any CPU
		{017EC2AD-18A8-4C5B-A7E8-E73FA89F038C}.AppStore|iPhone.ActiveCfg = Release|Any CPU
		{017EC2AD-18A8-4C5B-A7E8-E73FA89F038C}.AppStore|iPhone.Build.0 = Release|Any CPU
		{017EC2AD-18A8-4C5B-A7E8-E73FA89F038C}.AppStore|iPhoneSimulator.ActiveCfg = Release|Any CPU
		{017EC2AD-18A8-4C5B-A7E8-E73FA89F038C}.AppStore|iPhoneSimulator.Build.0 = Release|Any CPU
		{017EC2AD-18A8-4C5B-A7E8-E73FA89F038C}.AppStore|x64.ActiveCfg = Release|Any CPU
		{017EC2AD-18A8-4C5B-A7E8-E73FA89F038C}.AppStore|x64.Build.0 = Release|Any CPU
		{017EC2AD-18A8-4C5B-A7E8-E73FA89F038C}.AppStore|x86.ActiveCfg = Release|Any CPU
		{017EC2AD-18A8-4C5B-A7E8-E73FA89F038C}.AppStore|x86.Build.0 = Release|Any CPU
		{017EC2AD-18A8-4C5B-A7E8-E73FA89F038C}.Debug|Any CPU.ActiveCfg = Debug|Any CPU
		{017EC2AD-18A8-4C5B-A7E8-E73FA89F038C}.Debug|Any CPU.Build.0 = Debug|Any CPU
		{017EC2AD-18A8-4C5B-A7E8-E73FA89F038C}.Debug|ARM.ActiveCfg = Debug|Any CPU
		{017EC2AD-18A8-4C5B-A7E8-E73FA89F038C}.Debug|ARM.Build.0 = Debug|Any CPU
		{017EC2AD-18A8-4C5B-A7E8-E73FA89F038C}.Debug|iPhone.ActiveCfg = Debug|Any CPU
		{017EC2AD-18A8-4C5B-A7E8-E73FA89F038C}.Debug|iPhone.Build.0 = Debug|Any CPU
		{017EC2AD-18A8-4C5B-A7E8-E73FA89F038C}.Debug|iPhoneSimulator.ActiveCfg = Debug|Any CPU
		{017EC2AD-18A8-4C5B-A7E8-E73FA89F038C}.Debug|iPhoneSimulator.Build.0 = Debug|Any CPU
		{017EC2AD-18A8-4C5B-A7E8-E73FA89F038C}.Debug|x64.ActiveCfg = Debug|Any CPU
		{017EC2AD-18A8-4C5B-A7E8-E73FA89F038C}.Debug|x64.Build.0 = Debug|Any CPU
		{017EC2AD-18A8-4C5B-A7E8-E73FA89F038C}.Debug|x86.ActiveCfg = Debug|Any CPU
		{017EC2AD-18A8-4C5B-A7E8-E73FA89F038C}.Debug|x86.Build.0 = Debug|Any CPU
		{017EC2AD-18A8-4C5B-A7E8-E73FA89F038C}.Release|Any CPU.ActiveCfg = Release|Any CPU
		{017EC2AD-18A8-4C5B-A7E8-E73FA89F038C}.Release|Any CPU.Build.0 = Release|Any CPU
		{017EC2AD-18A8-4C5B-A7E8-E73FA89F038C}.Release|ARM.ActiveCfg = Release|Any CPU
		{017EC2AD-18A8-4C5B-A7E8-E73FA89F038C}.Release|ARM.Build.0 = Release|Any CPU
		{017EC2AD-18A8-4C5B-A7E8-E73FA89F038C}.Release|iPhone.ActiveCfg = Release|Any CPU
		{017EC2AD-18A8-4C5B-A7E8-E73FA89F038C}.Release|iPhone.Build.0 = Release|Any CPU
		{017EC2AD-18A8-4C5B-A7E8-E73FA89F038C}.Release|iPhoneSimulator.ActiveCfg = Release|Any CPU
		{017EC2AD-18A8-4C5B-A7E8-E73FA89F038C}.Release|iPhoneSimulator.Build.0 = Release|Any CPU
		{017EC2AD-18A8-4C5B-A7E8-E73FA89F038C}.Release|x64.ActiveCfg = Release|Any CPU
		{017EC2AD-18A8-4C5B-A7E8-E73FA89F038C}.Release|x64.Build.0 = Release|Any CPU
		{017EC2AD-18A8-4C5B-A7E8-E73FA89F038C}.Release|x86.ActiveCfg = Release|Any CPU
		{017EC2AD-18A8-4C5B-A7E8-E73FA89F038C}.Release|x86.Build.0 = Release|Any CPU
	EndGlobalSection
	GlobalSection(SolutionProperties) = preSolution
		HideSolutionNode = FALSE
	EndGlobalSection
EndGlobal
